
Microsoft Visual Studio Solution File, Format Version 12.00
# Visual Studio Version 17
VisualStudioVersion = 17.0.31903.59
MinimumVisualStudioVersion = 10.0.40219.1
Project("{2150E333-8FDC-42A3-9474-1A3956D46DE8}") = "src", "src", "{827E0CD3-B72D-47B6-A68D-7590B98EB39B}"
EndProject
Project("{2150E333-8FDC-42A3-9474-1A3956D46DE8}") = "Api", "Api", "{81034408-37C8-1011-444E-4C15C2FADA8E}"
EndProject
Project("{FAE04EC0-301F-11D3-BF4B-00C04F79EFBC}") = "NetModulith.Api", "src\Api\NetModulith.Api.csproj", "{A6DB6977-E5E4-4E2D-A335-7487D27A62F7}"
EndProject
Project("{2150E333-8FDC-42A3-9474-1A3956D46DE8}") = "BoundedContexts", "BoundedContexts", "{F480DADC-CC69-D398-4DBB-D15DC7288F2C}"
EndProject
Project("{2150E333-8FDC-42A3-9474-1A3956D46DE8}") = "Basket", "Basket", "{CEC4FBE5-9429-11FE-E105-82471BF56896}"
EndProject
Project("{FAE04EC0-301F-11D3-BF4B-00C04F79EFBC}") = "NetModulith.Basket", "src\BoundedContexts\Basket\NetModulith.Basket.csproj", "{FB2F135F-F2AA-4A64-980B-4C08C249E035}"
EndProject
Project("{2150E333-8FDC-42A3-9474-1A3956D46DE8}") = "Catalog", "Catalog", "{A607784E-CE70-657C-E098-674267F719E8}"
EndProject
Project("{FAE04EC0-301F-11D3-BF4B-00C04F79EFBC}") = "NetModulith.Catalog", "src\BoundedContexts\Catalog\NetModulith.Catalog.csproj", "{8119903B-F2B7-4FB8-8F60-376E76BD135A}"
EndProject
Project("{2150E333-8FDC-42A3-9474-1A3956D46DE8}") = "Ordering", "Ordering", "{ECF761F9-B133-EA6E-7D87-3E80610A5BB8}"
EndProject
Project("{FAE04EC0-301F-11D3-BF4B-00C04F79EFBC}") = "NetModulith.Ordering", "src\BoundedContexts\Ordering\NetModulith.Ordering.csproj", "{F886B25B-B562-4DD6-953E-8C8C622AA177}"
EndProject
Project("{2150E333-8FDC-42A3-9474-1A3956D46DE8}") = "SharedKernel", "SharedKernel", "{85F909CB-8F14-ECC8-BA9D-713D1771907F}"
EndProject
Project("{2150E333-8FDC-42A3-9474-1A3956D46DE8}") = "Shared", "Shared", "{B07B9507-EA1F-2E09-05BC-B9674819FC54}"
EndProject
Project("{FAE04EC0-301F-11D3-BF4B-00C04F79EFBC}") = "NetModulith.SharedKernel.Shared", "src\SharedKernel\Shared\NetModulith.SharedKernel.Shared.csproj", "{4F0ECADD-A09C-4C36-AB96-24E801127D06}"
EndProject
Project("{2150E333-8FDC-42A3-9474-1A3956D46DE8}") = "Contracts", "Contracts", "{0AB46253-B77C-60F8-F7AE-27C6D807D539}"
EndProject
Project("{FAE04EC0-301F-11D3-BF4B-00C04F79EFBC}") = "NetModulith.SharedKernel.Contracts", "src\SharedKernel\Contracts\NetModulith.SharedKernel.Contracts.csproj", "{CEFAC7E2-270D-453C-AA36-D26E34716324}"
EndProject
Project("{2150E333-8FDC-42A3-9474-1A3956D46DE8}") = "Messaging", "Messaging", "{54D1EDE5-19BE-FC9D-7F18-5057FC52AFD3}"
EndProject
Project("{FAE04EC0-301F-11D3-BF4B-00C04F79EFBC}") = "NetModulith.SharedKernel.Messaging", "src\SharedKernel\Messaging\NetModulith.SharedKernel.Messaging.csproj", "{557A9126-DF08-4138-94D3-F41787A204F4}"
EndProject
Global
	GlobalSection(SolutionConfigurationPlatforms) = preSolution
		Debug|Any CPU = Debug|Any CPU
		Debug|x64 = Debug|x64
		Debug|x86 = Debug|x86
		Release|Any CPU = Release|Any CPU
		Release|x64 = Release|x64
		Release|x86 = Release|x86
	EndGlobalSection
	GlobalSection(ProjectConfigurationPlatforms) = postSolution
		{A6DB6977-E5E4-4E2D-A335-7487D27A62F7}.Debug|Any CPU.ActiveCfg = Debug|Any CPU
		{A6DB6977-E5E4-4E2D-A335-7487D27A62F7}.Debug|Any CPU.Build.0 = Debug|Any CPU
		{A6DB6977-E5E4-4E2D-A335-7487D27A62F7}.Debug|x64.ActiveCfg = Debug|Any CPU
		{A6DB6977-E5E4-4E2D-A335-7487D27A62F7}.Debug|x64.Build.0 = Debug|Any CPU
		{A6DB6977-E5E4-4E2D-A335-7487D27A62F7}.Debug|x86.ActiveCfg = Debug|Any CPU
		{A6DB6977-E5E4-4E2D-A335-7487D27A62F7}.Debug|x86.Build.0 = Debug|Any CPU
		{A6DB6977-E5E4-4E2D-A335-7487D27A62F7}.Release|Any CPU.ActiveCfg = Release|Any CPU
		{A6DB6977-E5E4-4E2D-A335-7487D27A62F7}.Release|Any CPU.Build.0 = Release|Any CPU
		{A6DB6977-E5E4-4E2D-A335-7487D27A62F7}.Release|x64.ActiveCfg = Release|Any CPU
		{A6DB6977-E5E4-4E2D-A335-7487D27A62F7}.Release|x64.Build.0 = Release|Any CPU
		{A6DB6977-E5E4-4E2D-A335-7487D27A62F7}.Release|x86.ActiveCfg = Release|Any CPU
		{A6DB6977-E5E4-4E2D-A335-7487D27A62F7}.Release|x86.Build.0 = Release|Any CPU
		{FB2F135F-F2AA-4A64-980B-4C08C249E035}.Debug|Any CPU.ActiveCfg = Debug|Any CPU
		{FB2F135F-F2AA-4A64-980B-4C08C249E035}.Debug|Any CPU.Build.0 = Debug|Any CPU
		{FB2F135F-F2AA-4A64-980B-4C08C249E035}.Debug|x64.ActiveCfg = Debug|Any CPU
		{FB2F135F-F2AA-4A64-980B-4C08C249E035}.Debug|x64.Build.0 = Debug|Any CPU
		{FB2F135F-F2AA-4A64-980B-4C08C249E035}.Debug|x86.ActiveCfg = Debug|Any CPU
		{FB2F135F-F2AA-4A64-980B-4C08C249E035}.Debug|x86.Build.0 = Debug|Any CPU
		{FB2F135F-F2AA-4A64-980B-4C08C249E035}.Release|Any CPU.ActiveCfg = Release|Any CPU
		{FB2F135F-F2AA-4A64-980B-4C08C249E035}.Release|Any CPU.Build.0 = Release|Any CPU
		{FB2F135F-F2AA-4A64-980B-4C08C249E035}.Release|x64.ActiveCfg = Release|Any CPU
		{FB2F135F-F2AA-4A64-980B-4C08C249E035}.Release|x64.Build.0 = Release|Any CPU
		{FB2F135F-F2AA-4A64-980B-4C08C249E035}.Release|x86.ActiveCfg = Release|Any CPU
		{FB2F135F-F2AA-4A64-980B-4C08C249E035}.Release|x86.Build.0 = Release|Any CPU
		{8119903B-F2B7-4FB8-8F60-376E76BD135A}.Debug|Any CPU.ActiveCfg = Debug|Any CPU
		{8119903B-F2B7-4FB8-8F60-376E76BD135A}.Debug|Any CPU.Build.0 = Debug|Any CPU
		{8119903B-F2B7-4FB8-8F60-376E76BD135A}.Debug|x64.ActiveCfg = Debug|Any CPU
		{8119903B-F2B7-4FB8-8F60-376E76BD135A}.Debug|x64.Build.0 = Debug|Any CPU
		{8119903B-F2B7-4FB8-8F60-376E76BD135A}.Debug|x86.ActiveCfg = Debug|Any CPU
		{8119903B-F2B7-4FB8-8F60-376E76BD135A}.Debug|x86.Build.0 = Debug|Any CPU
		{8119903B-F2B7-4FB8-8F60-376E76BD135A}.Release|Any CPU.ActiveCfg = Release|Any CPU
		{8119903B-F2B7-4FB8-8F60-376E76BD135A}.Release|Any CPU.Build.0 = Release|Any CPU
		{8119903B-F2B7-4FB8-8F60-376E76BD135A}.Release|x64.ActiveCfg = Release|Any CPU
		{8119903B-F2B7-4FB8-8F60-376E76BD135A}.Release|x64.Build.0 = Release|Any CPU
		{8119903B-F2B7-4FB8-8F60-376E76BD135A}.Release|x86.ActiveCfg = Release|Any CPU
		{8119903B-F2B7-4FB8-8F60-376E76BD135A}.Release|x86.Build.0 = Release|Any CPU
		{F886B25B-B562-4DD6-953E-8C8C622AA177}.Debug|Any CPU.ActiveCfg = Debug|Any CPU
		{F886B25B-B562-4DD6-953E-8C8C622AA177}.Debug|Any CPU.Build.0 = Debug|Any CPU
		{F886B25B-B562-4DD6-953E-8C8C622AA177}.Debug|x64.ActiveCfg = Debug|Any CPU
		{F886B25B-B562-4DD6-953E-8C8C622AA177}.Debug|x64.Build.0 = Debug|Any CPU
		{F886B25B-B562-4DD6-953E-8C8C622AA177}.Debug|x86.ActiveCfg = Debug|Any CPU
		{F886B25B-B562-4DD6-953E-8C8C622AA177}.Debug|x86.Build.0 = Debug|Any CPU
		{F886B25B-B562-4DD6-953E-8C8C622AA177}.Release|Any CPU.ActiveCfg = Release|Any CPU
		{F886B25B-B562-4DD6-953E-8C8C622AA177}.Release|Any CPU.Build.0 = Release|Any CPU
		{F886B25B-B562-4DD6-953E-8C8C622AA177}.Release|x64.ActiveCfg = Release|Any CPU
		{F886B25B-B562-4DD6-953E-8C8C622AA177}.Release|x64.Build.0 = Release|Any CPU
		{F886B25B-B562-4DD6-953E-8C8C622AA177}.Release|x86.ActiveCfg = Release|Any CPU
		{F886B25B-B562-4DD6-953E-8C8C622AA177}.Release|x86.Build.0 = Release|Any CPU
		{4F0ECADD-A09C-4C36-AB96-24E801127D06}.Debug|Any CPU.ActiveCfg = Debug|Any CPU
		{4F0ECADD-A09C-4C36-AB96-24E801127D06}.Debug|Any CPU.Build.0 = Debug|Any CPU
		{4F0ECADD-A09C-4C36-AB96-24E801127D06}.Debug|x64.ActiveCfg = Debug|Any CPU
		{4F0ECADD-A09C-4C36-AB96-24E801127D06}.Debug|x64.Build.0 = Debug|Any CPU
		{4F0ECADD-A09C-4C36-AB96-24E801127D06}.Debug|x86.ActiveCfg = Debug|Any CPU
		{4F0ECADD-A09C-4C36-AB96-24E801127D06}.Debug|x86.Build.0 = Debug|Any CPU
		{4F0ECADD-A09C-4C36-AB96-24E801127D06}.Release|Any CPU.ActiveCfg = Release|Any CPU
		{4F0ECADD-A09C-4C36-AB96-24E801127D06}.Release|Any CPU.Build.0 = Release|Any CPU
		{4F0ECADD-A09C-4C36-AB96-24E801127D06}.Release|x64.ActiveCfg = Release|Any CPU
		{4F0ECADD-A09C-4C36-AB96-24E801127D06}.Release|x64.Build.0 = Release|Any CPU
		{4F0ECADD-A09C-4C36-AB96-24E801127D06}.Release|x86.ActiveCfg = Release|Any CPU
		{4F0ECADD-A09C-4C36-AB96-24E801127D06}.Release|x86.Build.0 = Release|Any CPU
		{CEFAC7E2-270D-453C-AA36-D26E34716324}.Debug|Any CPU.ActiveCfg = Debug|Any CPU
		{CEFAC7E2-270D-453C-AA36-D26E34716324}.Debug|Any CPU.Build.0 = Debug|Any CPU
		{CEFAC7E2-270D-453C-AA36-D26E34716324}.Debug|x64.ActiveCfg = Debug|Any CPU
		{CEFAC7E2-270D-453C-AA36-D26E34716324}.Debug|x64.Build.0 = Debug|Any CPU
		{CEFAC7E2-270D-453C-AA36-D26E34716324}.Debug|x86.ActiveCfg = Debug|Any CPU
		{CEFAC7E2-270D-453C-AA36-D26E34716324}.Debug|x86.Build.0 = Debug|Any CPU
		{CEFAC7E2-270D-453C-AA36-D26E34716324}.Release|Any CPU.ActiveCfg = Release|Any CPU
		{CEFAC7E2-270D-453C-AA36-D26E34716324}.Release|Any CPU.Build.0 = Release|Any CPU
		{CEFAC7E2-270D-453C-AA36-D26E34716324}.Release|x64.ActiveCfg = Release|Any CPU
		{CEFAC7E2-270D-453C-AA36-D26E34716324}.Release|x64.Build.0 = Release|Any CPU
		{CEFAC7E2-270D-453C-AA36-D26E34716324}.Release|x86.ActiveCfg = Release|Any CPU
		{CEFAC7E2-270D-453C-AA36-D26E34716324}.Release|x86.Build.0 = Release|Any CPU
		{557A9126-DF08-4138-94D3-F41787A204F4}.Debug|Any CPU.ActiveCfg = Debug|Any CPU
		{557A9126-DF08-4138-94D3-F41787A204F4}.Debug|Any CPU.Build.0 = Debug|Any CPU
		{557A9126-DF08-4138-94D3-F41787A204F4}.Debug|x64.ActiveCfg = Debug|Any CPU
		{557A9126-DF08-4138-94D3-F41787A204F4}.Debug|x64.Build.0 = Debug|Any CPU
		{557A9126-DF08-4138-94D3-F41787A204F4}.Debug|x86.ActiveCfg = Debug|Any CPU
		{557A9126-DF08-4138-94D3-F41787A204F4}.Debug|x86.Build.0 = Debug|Any CPU
		{557A9126-DF08-4138-94D3-F41787A204F4}.Release|Any CPU.ActiveCfg = Release|Any CPU
		{557A9126-DF08-4138-94D3-F41787A204F4}.Release|Any CPU.Build.0 = Release|Any CPU
		{557A9126-DF08-4138-94D3-F41787A204F4}.Release|x64.ActiveCfg = Release|Any CPU
		{557A9126-DF08-4138-94D3-F41787A204F4}.Release|x64.Build.0 = Release|Any CPU
		{557A9126-DF08-4138-94D3-F41787A204F4}.Release|x86.ActiveCfg = Release|Any CPU
		{557A9126-DF08-4138-94D3-F41787A204F4}.Release|x86.Build.0 = Release|Any CPU
	EndGlobalSection
	GlobalSection(SolutionProperties) = preSolution
		HideSolutionNode = FALSE
	EndGlobalSection
	GlobalSection(NestedProjects) = preSolution
		{81034408-37C8-1011-444E-4C15C2FADA8E} = {827E0CD3-B72D-47B6-A68D-7590B98EB39B}
		{A6DB6977-E5E4-4E2D-A335-7487D27A62F7} = {81034408-37C8-1011-444E-4C15C2FADA8E}
		{F480DADC-CC69-D398-4DBB-D15DC7288F2C} = {827E0CD3-B72D-47B6-A68D-7590B98EB39B}
		{CEC4FBE5-9429-11FE-E105-82471BF56896} = {F480DADC-CC69-D398-4DBB-D15DC7288F2C}
		{FB2F135F-F2AA-4A64-980B-4C08C249E035} = {CEC4FBE5-9429-11FE-E105-82471BF56896}
		{A607784E-CE70-657C-E098-674267F719E8} = {F480DADC-CC69-D398-4DBB-D15DC7288F2C}
		{8119903B-F2B7-4FB8-8F60-376E76BD135A} = {A607784E-CE70-657C-E098-674267F719E8}
		{ECF761F9-B133-EA6E-7D87-3E80610A5BB8} = {F480DADC-CC69-D398-4DBB-D15DC7288F2C}
		{F886B25B-B562-4DD6-953E-8C8C622AA177} = {ECF761F9-B133-EA6E-7D87-3E80610A5BB8}
		{85F909CB-8F14-ECC8-BA9D-713D1771907F} = {827E0CD3-B72D-47B6-A68D-7590B98EB39B}
		{B07B9507-EA1F-2E09-05BC-B9674819FC54} = {85F909CB-8F14-ECC8-BA9D-713D1771907F}
		{4F0ECADD-A09C-4C36-AB96-24E801127D06} = {B07B9507-EA1F-2E09-05BC-B9674819FC54}
		{0AB46253-B77C-60F8-F7AE-27C6D807D539} = {85F909CB-8F14-ECC8-BA9D-713D1771907F}
		{CEFAC7E2-270D-453C-AA36-D26E34716324} = {0AB46253-B77C-60F8-F7AE-27C6D807D539}
		{54D1EDE5-19BE-FC9D-7F18-5057FC52AFD3} = {85F909CB-8F14-ECC8-BA9D-713D1771907F}
		{557A9126-DF08-4138-94D3-F41787A204F4} = {54D1EDE5-19BE-FC9D-7F18-5057FC52AFD3}
	EndGlobalSection
EndGlobal
