<Solution>
  <Folder Name="/src/">
    <Project Path="src/WebApi/WebApi.csproj" />
  </Folder>
  <Folder Name="/src/BoundedContexts/">
    <Project Path="src/BoundedContexts/Basket/Basket.csproj" />
    <Project Path="src/BoundedContexts/Catalog/Catalog.csproj" />
    <Project Path="src/BoundedContexts/Ordering/Ordering.csproj" />
  </Folder>
  <Folder Name="/src/SharedKernel/">
    <Project Path="src/SharedKernel/Shared/Shared.csproj" />
  </Folder>
</Solution>
